
Microsoft Visual Studio Solution File, Format Version 12.00
# Visual Studio Version 16
VisualStudioVersion = 16.0.29411.108
MinimumVisualStudioVersion = 10.0.40219.1
Project("{9A19103F-16F7-4668-BE54-9A1E7A4F7556}") = "RadoHub.WebApp", "RadoHub.WebApp\RadoHub.WebApp.csproj", "{F4EAB6A7-5FDA-4542-93F5-DFB0B55CBB5E}"
EndProject
Project("{9A19103F-16F7-4668-BE54-9A1E7A4F7556}") = "RadoHub.Data.Models", "RadoHub.Data.Models\RadoHub.Data.Models.csproj", "{4502D80E-31F9-47D5-81E7-88A0BFC4B2CB}"
EndProject
Project("{9A19103F-16F7-4668-BE54-9A1E7A4F7556}") = "RadoHub.Data", "RadoHub.Data\RadoHub.Data.csproj", "{A1C17BA6-C5DB-4DC7-AB5A-D078B2DE1598}"
EndProject
Project("{9A19103F-16F7-4668-BE54-9A1E7A4F7556}") = "RadoHub.Services", "RadoHub.Services\RadoHub.Services.csproj", "{9B5A54ED-B97D-446D-8316-1BCD751086F2}"
EndProject
Global
	GlobalSection(SolutionConfigurationPlatforms) = preSolution
		Debug|Any CPU = Debug|Any CPU
		Release|Any CPU = Release|Any CPU
	EndGlobalSection
	GlobalSection(ProjectConfigurationPlatforms) = postSolution
		{F4EAB6A7-5FDA-4542-93F5-DFB0B55CBB5E}.Debug|Any CPU.ActiveCfg = Debug|Any CPU
		{F4EAB6A7-5FDA-4542-93F5-DFB0B55CBB5E}.Debug|Any CPU.Build.0 = Debug|Any CPU
		{F4EAB6A7-5FDA-4542-93F5-DFB0B55CBB5E}.Release|Any CPU.ActiveCfg = Release|Any CPU
		{F4EAB6A7-5FDA-4542-93F5-DFB0B55CBB5E}.Release|Any CPU.Build.0 = Release|Any CPU
		{4502D80E-31F9-47D5-81E7-88A0BFC4B2CB}.Debug|Any CPU.ActiveCfg = Debug|Any CPU
		{4502D80E-31F9-47D5-81E7-88A0BFC4B2CB}.Debug|Any CPU.Build.0 = Debug|Any CPU
		{4502D80E-31F9-47D5-81E7-88A0BFC4B2CB}.Release|Any CPU.ActiveCfg = Release|Any CPU
		{4502D80E-31F9-47D5-81E7-88A0BFC4B2CB}.Release|Any CPU.Build.0 = Release|Any CPU
		{A1C17BA6-C5DB-4DC7-AB5A-D078B2DE1598}.Debug|Any CPU.ActiveCfg = Debug|Any CPU
		{A1C17BA6-C5DB-4DC7-AB5A-D078B2DE1598}.Debug|Any CPU.Build.0 = Debug|Any CPU
		{A1C17BA6-C5DB-4DC7-AB5A-D078B2DE1598}.Release|Any CPU.ActiveCfg = Release|Any CPU
		{A1C17BA6-C5DB-4DC7-AB5A-D078B2DE1598}.Release|Any CPU.Build.0 = Release|Any CPU
		{9B5A54ED-B97D-446D-8316-1BCD751086F2}.Debug|Any CPU.ActiveCfg = Debug|Any CPU
		{9B5A54ED-B97D-446D-8316-1BCD751086F2}.Debug|Any CPU.Build.0 = Debug|Any CPU
		{9B5A54ED-B97D-446D-8316-1BCD751086F2}.Release|Any CPU.ActiveCfg = Release|Any CPU
		{9B5A54ED-B97D-446D-8316-1BCD751086F2}.Release|Any CPU.Build.0 = Release|Any CPU
	EndGlobalSection
	GlobalSection(SolutionProperties) = preSolution
		HideSolutionNode = FALSE
	EndGlobalSection
	GlobalSection(ExtensibilityGlobals) = postSolution
		SolutionGuid = {F321268A-5282-4AA4-9959-1005B17B28F9}
	EndGlobalSection
EndGlobal
